// !$*UTF8*$!
{
	archiveVersion = 1;
	classes = {
	};
	objectVersion = 56;
	objects = {

/* Begin PBXBuildFile section */
		9A46357329BB50A200DADD53 /* BottomSheet in Frameworks */ = {isa = PBXBuildFile; productRef = 9A46357229BB50A200DADD53 /* BottomSheet */; };
		9A46357529BB5C8000DADD53 /* ForecastView.swift in Sources */ = {isa = PBXBuildFile; fileRef = 9A46357429BB5C8000DADD53 /* ForecastView.swift */; };
		9A46357729BB6B1500DADD53 /* Blur.swift in Sources */ = {isa = PBXBuildFile; fileRef = 9A46357629BB6B1400DADD53 /* Blur.swift */; };
		9A46357929BC9A9900DADD53 /* SegmentedControl.swift in Sources */ = {isa = PBXBuildFile; fileRef = 9A46357829BC9A9900DADD53 /* SegmentedControl.swift */; };
		9A46357B29BCBF1600DADD53 /* ForecastModel.swift in Sources */ = {isa = PBXBuildFile; fileRef = 9A46357A29BCBF1600DADD53 /* ForecastModel.swift */; };
		9A46357D29BCC02E00DADD53 /* ForecastCard.swift in Sources */ = {isa = PBXBuildFile; fileRef = 9A46357C29BCC02E00DADD53 /* ForecastCard.swift */; };
		9A550E2E29BA351600F5CA00 /* WeatherApp.swift in Sources */ = {isa = PBXBuildFile; fileRef = 9A550E2D29BA351600F5CA00 /* WeatherApp.swift */; };
		9A550E3029BA351600F5CA00 /* ContentView.swift in Sources */ = {isa = PBXBuildFile; fileRef = 9A550E2F29BA351600F5CA00 /* ContentView.swift */; };
		9A550E3229BA351800F5CA00 /* Assets.xcassets in Resources */ = {isa = PBXBuildFile; fileRef = 9A550E3129BA351800F5CA00 /* Assets.xcassets */; };
		9A550E3529BA351800F5CA00 /* Preview Assets.xcassets in Resources */ = {isa = PBXBuildFile; fileRef = 9A550E3429BA351800F5CA00 /* Preview Assets.xcassets */; };
		9A550E4329BA374700F5CA00 /* Extention + Color.swift in Sources */ = {isa = PBXBuildFile; fileRef = 9A550E4229BA374700F5CA00 /* Extention + Color.swift */; };
		9A550E4529BA38E800F5CA00 /* HomeView.swift in Sources */ = {isa = PBXBuildFile; fileRef = 9A550E4429BA38E800F5CA00 /* HomeView.swift */; };
		9A550E4729BA427E00F5CA00 /* TabBar.swift in Sources */ = {isa = PBXBuildFile; fileRef = 9A550E4629BA427E00F5CA00 /* TabBar.swift */; };
		9A550E4929BA6B5500F5CA00 /* Shapes.swift in Sources */ = {isa = PBXBuildFile; fileRef = 9A550E4829BA6B5500F5CA00 /* Shapes.swift */; };
		9AD22C6829BE134900AA6442 /* NavigationBar.swift in Sources */ = {isa = PBXBuildFile; fileRef = 9AD22C6729BE134900AA6442 /* NavigationBar.swift */; };
		9AD22C6A29BE1C6500AA6442 /* WeatherView.swift in Sources */ = {isa = PBXBuildFile; fileRef = 9AD22C6929BE1C6500AA6442 /* WeatherView.swift */; };
		9AD22C6C29BE1FBE00AA6442 /* WeatherWidget.swift in Sources */ = {isa = PBXBuildFile; fileRef = 9AD22C6B29BE1FBE00AA6442 /* WeatherWidget.swift */; };
/* End PBXBuildFile section */

/* Begin PBXFileReference section */
		9A46357429BB5C8000DADD53 /* ForecastView.swift */ = {isa = PBXFileReference; lastKnownFileType = sourcecode.swift; path = ForecastView.swift; sourceTree = "<group>"; };
		9A46357629BB6B1400DADD53 /* Blur.swift */ = {isa = PBXFileReference; lastKnownFileType = sourcecode.swift; path = Blur.swift; sourceTree = "<group>"; };
		9A46357829BC9A9900DADD53 /* SegmentedControl.swift */ = {isa = PBXFileReference; lastKnownFileType = sourcecode.swift; path = SegmentedControl.swift; sourceTree = "<group>"; };
		9A46357A29BCBF1600DADD53 /* ForecastModel.swift */ = {isa = PBXFileReference; fileEncoding = 4; lastKnownFileType = sourcecode.swift; name = ForecastModel.swift; path = "../../../../../../Downloads/SwiftUI Weather/Resources/ForecastModel.swift"; sourceTree = "<group>"; };
		9A46357C29BCC02E00DADD53 /* ForecastCard.swift */ = {isa = PBXFileReference; lastKnownFileType = sourcecode.swift; path = ForecastCard.swift; sourceTree = "<group>"; };
		9A550E2A29BA351600F5CA00 /* Weather.app */ = {isa = PBXFileReference; explicitFileType = wrapper.application; includeInIndex = 0; path = Weather.app; sourceTree = BUILT_PRODUCTS_DIR; };
		9A550E2D29BA351600F5CA00 /* WeatherApp.swift */ = {isa = PBXFileReference; lastKnownFileType = sourcecode.swift; path = WeatherApp.swift; sourceTree = "<group>"; };
		9A550E2F29BA351600F5CA00 /* ContentView.swift */ = {isa = PBXFileReference; lastKnownFileType = sourcecode.swift; path = ContentView.swift; sourceTree = "<group>"; };
		9A550E3129BA351800F5CA00 /* Assets.xcassets */ = {isa = PBXFileReference; lastKnownFileType = folder.assetcatalog; path = Assets.xcassets; sourceTree = "<group>"; };
		9A550E3429BA351800F5CA00 /* Preview Assets.xcassets */ = {isa = PBXFileReference; lastKnownFileType = folder.assetcatalog; path = "Preview Assets.xcassets"; sourceTree = "<group>"; };
		9A550E4229BA374700F5CA00 /* Extention + Color.swift */ = {isa = PBXFileReference; lastKnownFileType = sourcecode.swift; path = "Extention + Color.swift"; sourceTree = "<group>"; };
		9A550E4429BA38E800F5CA00 /* HomeView.swift */ = {isa = PBXFileReference; lastKnownFileType = sourcecode.swift; path = HomeView.swift; sourceTree = "<group>"; };
		9A550E4629BA427E00F5CA00 /* TabBar.swift */ = {isa = PBXFileReference; lastKnownFileType = sourcecode.swift; path = TabBar.swift; sourceTree = "<group>"; };
		9A550E4829BA6B5500F5CA00 /* Shapes.swift */ = {isa = PBXFileReference; lastKnownFileType = sourcecode.swift; path = Shapes.swift; sourceTree = "<group>"; };
		9AD22C6729BE134900AA6442 /* NavigationBar.swift */ = {isa = PBXFileReference; lastKnownFileType = sourcecode.swift; path = NavigationBar.swift; sourceTree = "<group>"; };
		9AD22C6929BE1C6500AA6442 /* WeatherView.swift */ = {isa = PBXFileReference; lastKnownFileType = sourcecode.swift; path = WeatherView.swift; sourceTree = "<group>"; };
		9AD22C6B29BE1FBE00AA6442 /* WeatherWidget.swift */ = {isa = PBXFileReference; lastKnownFileType = sourcecode.swift; path = WeatherWidget.swift; sourceTree = "<group>"; };
/* End PBXFileReference section */

/* Begin PBXFrameworksBuildPhase section */
		9A550E2729BA351600F5CA00 /* Frameworks */ = {
			isa = PBXFrameworksBuildPhase;
			buildActionMask = 2147483647;
			files = (
				9A46357329BB50A200DADD53 /* BottomSheet in Frameworks */,
			);
			runOnlyForDeploymentPostprocessing = 0;
		};
/* End PBXFrameworksBuildPhase section */

/* Begin PBXGroup section */
		9A550E2129BA351600F5CA00 = {
			isa = PBXGroup;
			children = (
				9A550E2C29BA351600F5CA00 /* Weather */,
				9A550E2B29BA351600F5CA00 /* Products */,
			);
			sourceTree = "<group>";
		};
		9A550E2B29BA351600F5CA00 /* Products */ = {
			isa = PBXGroup;
			children = (
				9A550E2A29BA351600F5CA00 /* Weather.app */,
			);
			name = Products;
			sourceTree = "<group>";
		};
		9A550E2C29BA351600F5CA00 /* Weather */ = {
			isa = PBXGroup;
			children = (
				9A550E2D29BA351600F5CA00 /* WeatherApp.swift */,
				9A550E3B29BA35F700F5CA00 /* Views */,
				9A550E3D29BA360F00F5CA00 /* Utils */,
				9A550E4129BA365100F5CA00 /* Components */,
				9A550E3C29BA360300F5CA00 /* Models */,
				9A550E3129BA351800F5CA00 /* Assets.xcassets */,
				9A550E3329BA351800F5CA00 /* Preview Content */,
			);
			path = Weather;
			sourceTree = "<group>";
		};
		9A550E3329BA351800F5CA00 /* Preview Content */ = {
			isa = PBXGroup;
			children = (
				9A550E3429BA351800F5CA00 /* Preview Assets.xcassets */,
			);
			path = "Preview Content";
			sourceTree = "<group>";
		};
		9A550E3B29BA35F700F5CA00 /* Views */ = {
			isa = PBXGroup;
			children = (
				9A550E4029BA364200F5CA00 /* Detail */,
				9A550E3F29BA363A00F5CA00 /* Main */,
				9A550E3E29BA363100F5CA00 /* Navigation */,
			);
			path = Views;
			sourceTree = "<group>";
		};
		9A550E3C29BA360300F5CA00 /* Models */ = {
			isa = PBXGroup;
			children = (
				9A46357A29BCBF1600DADD53 /* ForecastModel.swift */,
			);
			path = Models;
			sourceTree = "<group>";
		};
		9A550E3D29BA360F00F5CA00 /* Utils */ = {
			isa = PBXGroup;
			children = (
				9A550E4229BA374700F5CA00 /* Extention + Color.swift */,
				9A550E4829BA6B5500F5CA00 /* Shapes.swift */,
			);
			path = Utils;
			sourceTree = "<group>";
		};
		9A550E3E29BA363100F5CA00 /* Navigation */ = {
			isa = PBXGroup;
			children = (
				9A550E4629BA427E00F5CA00 /* TabBar.swift */,
				9AD22C6729BE134900AA6442 /* NavigationBar.swift */,
			);
			path = Navigation;
			sourceTree = "<group>";
		};
		9A550E3F29BA363A00F5CA00 /* Main */ = {
			isa = PBXGroup;
			children = (
				9A550E2F29BA351600F5CA00 /* ContentView.swift */,
				9A550E4429BA38E800F5CA00 /* HomeView.swift */,
			);
			path = Main;
			sourceTree = "<group>";
		};
		9A550E4029BA364200F5CA00 /* Detail */ = {
			isa = PBXGroup;
			children = (
				9A46357429BB5C8000DADD53 /* ForecastView.swift */,
				9AD22C6929BE1C6500AA6442 /* WeatherView.swift */,
			);
			path = Detail;
			sourceTree = "<group>";
		};
		9A550E4129BA365100F5CA00 /* Components */ = {
			isa = PBXGroup;
			children = (
				9A46357629BB6B1400DADD53 /* Blur.swift */,
				9A46357829BC9A9900DADD53 /* SegmentedControl.swift */,
				9A46357C29BCC02E00DADD53 /* ForecastCard.swift */,
				9AD22C6B29BE1FBE00AA6442 /* WeatherWidget.swift */,
			);
			path = Components;
			sourceTree = "<group>";
		};
/* End PBXGroup section */

/* Begin PBXNativeTarget section */
		9A550E2929BA351600F5CA00 /* Weather */ = {
			isa = PBXNativeTarget;
			buildConfigurationList = 9A550E3829BA351800F5CA00 /* Build configuration list for PBXNativeTarget "Weather" */;
			buildPhases = (
				9A550E2629BA351600F5CA00 /* Sources */,
				9A550E2729BA351600F5CA00 /* Frameworks */,
				9A550E2829BA351600F5CA00 /* Resources */,
			);
			buildRules = (
			);
			dependencies = (
			);
			name = Weather;
			packageProductDependencies = (
				9A46357229BB50A200DADD53 /* BottomSheet */,
			);
			productName = Weather;
			productReference = 9A550E2A29BA351600F5CA00 /* Weather.app */;
			productType = "com.apple.product-type.application";
		};
/* End PBXNativeTarget section */

/* Begin PBXProject section */
		9A550E2229BA351600F5CA00 /* Project object */ = {
			isa = PBXProject;
			attributes = {
				BuildIndependentTargetsInParallel = 1;
				LastSwiftUpdateCheck = 1400;
				LastUpgradeCheck = 1400;
				TargetAttributes = {
					9A550E2929BA351600F5CA00 = {
						CreatedOnToolsVersion = 14.0;
					};
				};
			};
			buildConfigurationList = 9A550E2529BA351600F5CA00 /* Build configuration list for PBXProject "Weather" */;
			compatibilityVersion = "Xcode 14.0";
			developmentRegion = en;
			hasScannedForEncodings = 0;
			knownRegions = (
				en,
				Base,
			);
			mainGroup = 9A550E2129BA351600F5CA00;
			packageReferences = (
				9A46357129BB50A200DADD53 /* XCRemoteSwiftPackageReference "BottomSheet" */,
			);
			productRefGroup = 9A550E2B29BA351600F5CA00 /* Products */;
			projectDirPath = "";
			projectRoot = "";
			targets = (
				9A550E2929BA351600F5CA00 /* Weather */,
			);
		};
/* End PBXProject section */

/* Begin PBXResourcesBuildPhase section */
		9A550E2829BA351600F5CA00 /* Resources */ = {
			isa = PBXResourcesBuildPhase;
			buildActionMask = 2147483647;
			files = (
				9A550E3529BA351800F5CA00 /* Preview Assets.xcassets in Resources */,
				9A550E3229BA351800F5CA00 /* Assets.xcassets in Resources */,
			);
			runOnlyForDeploymentPostprocessing = 0;
		};
/* End PBXResourcesBuildPhase section */

/* Begin PBXSourcesBuildPhase section */
		9A550E2629BA351600F5CA00 /* Sources */ = {
			isa = PBXSourcesBuildPhase;
			buildActionMask = 2147483647;
			files = (
				9AD22C6C29BE1FBE00AA6442 /* WeatherWidget.swift in Sources */,
				9A46357D29BCC02E00DADD53 /* ForecastCard.swift in Sources */,
				9A550E3029BA351600F5CA00 /* ContentView.swift in Sources */,
				9A46357929BC9A9900DADD53 /* SegmentedControl.swift in Sources */,
				9A550E4529BA38E800F5CA00 /* HomeView.swift in Sources */,
				9A46357729BB6B1500DADD53 /* Blur.swift in Sources */,
				9AD22C6A29BE1C6500AA6442 /* WeatherView.swift in Sources */,
				9A550E2E29BA351600F5CA00 /* WeatherApp.swift in Sources */,
				9A550E4329BA374700F5CA00 /* Extention + Color.swift in Sources */,
				9A46357529BB5C8000DADD53 /* ForecastView.swift in Sources */,
				9A550E4729BA427E00F5CA00 /* TabBar.swift in Sources */,
				9A46357B29BCBF1600DADD53 /* ForecastModel.swift in Sources */,
				9A550E4929BA6B5500F5CA00 /* Shapes.swift in Sources */,
				9AD22C6829BE134900AA6442 /* NavigationBar.swift in Sources */,
			);
			runOnlyForDeploymentPostprocessing = 0;
		};
/* End PBXSourcesBuildPhase section */

/* Begin XCBuildConfiguration section */
		9A550E3629BA351800F5CA00 /* Debug */ = {
			isa = XCBuildConfiguration;
			buildSettings = {
				ALWAYS_SEARCH_USER_PATHS = NO;
				CLANG_ANALYZER_NONNULL = YES;
				CLANG_ANALYZER_NUMBER_OBJECT_CONVERSION = YES_AGGRESSIVE;
				CLANG_CXX_LANGUAGE_STANDARD = "gnu++20";
				CLANG_ENABLE_MODULES = YES;
				CLANG_ENABLE_OBJC_ARC = YES;
				CLANG_ENABLE_OBJC_WEAK = YES;
				CLANG_WARN_BLOCK_CAPTURE_AUTORELEASING = YES;
				CLANG_WARN_BOOL_CONVERSION = YES;
				CLANG_WARN_COMMA = YES;
				CLANG_WARN_CONSTANT_CONVERSION = YES;
				CLANG_WARN_DEPRECATED_OBJC_IMPLEMENTATIONS = YES;
				CLANG_WARN_DIRECT_OBJC_ISA_USAGE = YES_ERROR;
				CLANG_WARN_DOCUMENTATION_COMMENTS = YES;
				CLANG_WARN_EMPTY_BODY = YES;
				CLANG_WARN_ENUM_CONVERSION = YES;
				CLANG_WARN_INFINITE_RECURSION = YES;
				CLANG_WARN_INT_CONVERSION = YES;
				CLANG_WARN_NON_LITERAL_NULL_CONVERSION = YES;
				CLANG_WARN_OBJC_IMPLICIT_RETAIN_SELF = YES;
				CLANG_WARN_OBJC_LITERAL_CONVERSION = YES;
				CLANG_WARN_OBJC_ROOT_CLASS = YES_ERROR;
				CLANG_WARN_QUOTED_INCLUDE_IN_FRAMEWORK_HEADER = YES;
				CLANG_WARN_RANGE_LOOP_ANALYSIS = YES;
				CLANG_WARN_STRICT_PROTOTYPES = YES;
				CLANG_WARN_SUSPICIOUS_MOVE = YES;
				CLANG_WARN_UNGUARDED_AVAILABILITY = YES_AGGRESSIVE;
				CLANG_WARN_UNREACHABLE_CODE = YES;
				CLANG_WARN__DUPLICATE_METHOD_MATCH = YES;
				COPY_PHASE_STRIP = NO;
				DEBUG_INFORMATION_FORMAT = dwarf;
				ENABLE_STRICT_OBJC_MSGSEND = YES;
				ENABLE_TESTABILITY = YES;
				GCC_C_LANGUAGE_STANDARD = gnu11;
				GCC_DYNAMIC_NO_PIC = NO;
				GCC_NO_COMMON_BLOCKS = YES;
				GCC_OPTIMIZATION_LEVEL = 0;
				GCC_PREPROCESSOR_DEFINITIONS = (
					"DEBUG=1",
					"$(inherited)",
				);
				GCC_WARN_64_TO_32_BIT_CONVERSION = YES;
				GCC_WARN_ABOUT_RETURN_TYPE = YES_ERROR;
				GCC_WARN_UNDECLARED_SELECTOR = YES;
				GCC_WARN_UNINITIALIZED_AUTOS = YES_AGGRESSIVE;
				GCC_WARN_UNUSED_FUNCTION = YES;
				GCC_WARN_UNUSED_VARIABLE = YES;
				IPHONEOS_DEPLOYMENT_TARGET = 16.0;
				MTL_ENABLE_DEBUG_INFO = INCLUDE_SOURCE;
				MTL_FAST_MATH = YES;
				ONLY_ACTIVE_ARCH = YES;
				SDKROOT = iphoneos;
				SWIFT_ACTIVE_COMPILATION_CONDITIONS = DEBUG;
				SWIFT_OPTIMIZATION_LEVEL = "-Onone";
			};
			name = Debug;
		};
		9A550E3729BA351800F5CA00 /* Release */ = {
			isa = XCBuildConfiguration;
			buildSettings = {
				ALWAYS_SEARCH_USER_PATHS = NO;
				CLANG_ANALYZER_NONNULL = YES;
				CLANG_ANALYZER_NUMBER_OBJECT_CONVERSION = YES_AGGRESSIVE;
				CLANG_CXX_LANGUAGE_STANDARD = "gnu++20";
				CLANG_ENABLE_MODULES = YES;
				CLANG_ENABLE_OBJC_ARC = YES;
				CLANG_ENABLE_OBJC_WEAK = YES;
				CLANG_WARN_BLOCK_CAPTURE_AUTORELEASING = YES;
				CLANG_WARN_BOOL_CONVERSION = YES;
				CLANG_WARN_COMMA = YES;
				CLANG_WARN_CONSTANT_CONVERSION = YES;
				CLANG_WARN_DEPRECATED_OBJC_IMPLEMENTATIONS = YES;
				CLANG_WARN_DIRECT_OBJC_ISA_USAGE = YES_ERROR;
				CLANG_WARN_DOCUMENTATION_COMMENTS = YES;
				CLANG_WARN_EMPTY_BODY = YES;
				CLANG_WARN_ENUM_CONVERSION = YES;
				CLANG_WARN_INFINITE_RECURSION = YES;
				CLANG_WARN_INT_CONVERSION = YES;
				CLANG_WARN_NON_LITERAL_NULL_CONVERSION = YES;
				CLANG_WARN_OBJC_IMPLICIT_RETAIN_SELF = YES;
				CLANG_WARN_OBJC_LITERAL_CONVERSION = YES;
				CLANG_WARN_OBJC_ROOT_CLASS = YES_ERROR;
				CLANG_WARN_QUOTED_INCLUDE_IN_FRAMEWORK_HEADER = YES;
				CLANG_WARN_RANGE_LOOP_ANALYSIS = YES;
				CLANG_WARN_STRICT_PROTOTYPES = YES;
				CLANG_WARN_SUSPICIOUS_MOVE = YES;
				CLANG_WARN_UNGUARDED_AVAILABILITY = YES_AGGRESSIVE;
				CLANG_WARN_UNREACHABLE_CODE = YES;
				CLANG_WARN__DUPLICATE_METHOD_MATCH = YES;
				COPY_PHASE_STRIP = NO;
				DEBUG_INFORMATION_FORMAT = "dwarf-with-dsym";
				ENABLE_NS_ASSERTIONS = NO;
				ENABLE_STRICT_OBJC_MSGSEND = YES;
				GCC_C_LANGUAGE_STANDARD = gnu11;
				GCC_NO_COMMON_BLOCKS = YES;
				GCC_WARN_64_TO_32_BIT_CONVERSION = YES;
				GCC_WARN_ABOUT_RETURN_TYPE = YES_ERROR;
				GCC_WARN_UNDECLARED_SELECTOR = YES;
				GCC_WARN_UNINITIALIZED_AUTOS = YES_AGGRESSIVE;
				GCC_WARN_UNUSED_FUNCTION = YES;
				GCC_WARN_UNUSED_VARIABLE = YES;
				IPHONEOS_DEPLOYMENT_TARGET = 16.0;
				MTL_ENABLE_DEBUG_INFO = NO;
				MTL_FAST_MATH = YES;
				SDKROOT = iphoneos;
				SWIFT_COMPILATION_MODE = wholemodule;
				SWIFT_OPTIMIZATION_LEVEL = "-O";
				VALIDATE_PRODUCT = YES;
			};
			name = Release;
		};
		9A550E3929BA351800F5CA00 /* Debug */ = {
			isa = XCBuildConfiguration;
			buildSettings = {
				ASSETCATALOG_COMPILER_APPICON_NAME = AppIcon;
				ASSETCATALOG_COMPILER_GLOBAL_ACCENT_COLOR_NAME = AccentColor;
				CODE_SIGN_STYLE = Automatic;
				CURRENT_PROJECT_VERSION = 1;
				DEVELOPMENT_ASSET_PATHS = "\"Weather/Preview Content\"";
				DEVELOPMENT_TEAM = 226GFVXVNB;
				ENABLE_PREVIEWS = YES;
				GENERATE_INFOPLIST_FILE = YES;
				INFOPLIST_KEY_UIApplicationSceneManifest_Generation = YES;
				INFOPLIST_KEY_UIApplicationSupportsIndirectInputEvents = YES;
				INFOPLIST_KEY_UILaunchScreen_Generation = YES;
				INFOPLIST_KEY_UISupportedInterfaceOrientations_iPad = "UIInterfaceOrientationPortrait UIInterfaceOrientationPortraitUpsideDown UIInterfaceOrientationLandscapeLeft UIInterfaceOrientationLandscapeRight";
				INFOPLIST_KEY_UISupportedInterfaceOrientations_iPhone = "UIInterfaceOrientationPortrait UIInterfaceOrientationLandscapeLeft UIInterfaceOrientationLandscapeRight";
				LD_RUNPATH_SEARCH_PATHS = (
					"$(inherited)",
					"@executable_path/Frameworks",
				);
				MARKETING_VERSION = 1.0;
				PRODUCT_BUNDLE_IDENTIFIER = "-.Weather";
				PRODUCT_NAME = "$(TARGET_NAME)";
				SWIFT_EMIT_LOC_STRINGS = YES;
				SWIFT_VERSION = 5.0;
				TARGETED_DEVICE_FAMILY = "1,2";
			};
			name = Debug;
		};
		9A550E3A29BA351800F5CA00 /* Release */ = {
			isa = XCBuildConfiguration;
			buildSettings = {
				ASSETCATALOG_COMPILER_APPICON_NAME = AppIcon;
				ASSETCATALOG_COMPILER_GLOBAL_ACCENT_COLOR_NAME = AccentColor;
				CODE_SIGN_STYLE = Automatic;
				CURRENT_PROJECT_VERSION = 1;
				DEVELOPMENT_ASSET_PATHS = "\"Weather/Preview Content\"";
				DEVELOPMENT_TEAM = 226GFVXVNB;
				ENABLE_PREVIEWS = YES;
				GENERATE_INFOPLIST_FILE = YES;
				INFOPLIST_KEY_UIApplicationSceneManifest_Generation = YES;
				INFOPLIST_KEY_UIApplicationSupportsIndirectInputEvents = YES;
				INFOPLIST_KEY_UILaunchScreen_Generation = YES;
				INFOPLIST_KEY_UISupportedInterfaceOrientations_iPad = "UIInterfaceOrientationPortrait UIInterfaceOrientationPortraitUpsideDown UIInterfaceOrientationLandscapeLeft UIInterfaceOrientationLandscapeRight";
				INFOPLIST_KEY_UISupportedInterfaceOrientations_iPhone = "UIInterfaceOrientationPortrait UIInterfaceOrientationLandscapeLeft UIInterfaceOrientationLandscapeRight";
				LD_RUNPATH_SEARCH_PATHS = (
					"$(inherited)",
					"@executable_path/Frameworks",
				);
				MARKETING_VERSION = 1.0;
				PRODUCT_BUNDLE_IDENTIFIER = "-.Weather";
				PRODUCT_NAME = "$(TARGET_NAME)";
				SWIFT_EMIT_LOC_STRINGS = YES;
				SWIFT_VERSION = 5.0;
				TARGETED_DEVICE_FAMILY = "1,2";
			};
			name = Release;
		};
/* End XCBuildConfiguration section */

/* Begin XCConfigurationList section */
		9A550E2529BA351600F5CA00 /* Build configuration list for PBXProject "Weather" */ = {
			isa = XCConfigurationList;
			buildConfigurations = (
				9A550E3629BA351800F5CA00 /* Debug */,
				9A550E3729BA351800F5CA00 /* Release */,
			);
			defaultConfigurationIsVisible = 0;
			defaultConfigurationName = Release;
		};
		9A550E3829BA351800F5CA00 /* Build configuration list for PBXNativeTarget "Weather" */ = {
			isa = XCConfigurationList;
			buildConfigurations = (
				9A550E3929BA351800F5CA00 /* Debug */,
				9A550E3A29BA351800F5CA00 /* Release */,
			);
			defaultConfigurationIsVisible = 0;
			defaultConfigurationName = Release;
		};
/* End XCConfigurationList section */

/* Begin XCRemoteSwiftPackageReference section */
		9A46357129BB50A200DADD53 /* XCRemoteSwiftPackageReference "BottomSheet" */ = {
			isa = XCRemoteSwiftPackageReference;
			repositoryURL = "https://github.com/Wouter125/BottomSheet";
			requirement = {
				branch = main;
				kind = branch;
			};
		};
/* End XCRemoteSwiftPackageReference section */

/* Begin XCSwiftPackageProductDependency section */
		9A46357229BB50A200DADD53 /* BottomSheet */ = {
			isa = XCSwiftPackageProductDependency;
			package = 9A46357129BB50A200DADD53 /* XCRemoteSwiftPackageReference "BottomSheet" */;
			productName = BottomSheet;
		};
/* End XCSwiftPackageProductDependency section */
	};
	rootObject = 9A550E2229BA351600F5CA00 /* Project object */;
}
